
Microsoft Visual Studio Solution File, Format Version 12.00
# Visual Studio 15
VisualStudioVersion = 15.0.26403.7
MinimumVisualStudioVersion = 10.0.40219.1
Project("{FAE04EC0-301F-11D3-BF4B-00C04F79EFBC}") = "StudentManage", "StudentManage\StudentManage.csproj", "{04A43375-23F3-485A-9FF5-DC38CC50D114}"
EndProject
Project("{FAE04EC0-301F-11D3-BF4B-00C04F79EFBC}") = "DAL", "DAL\DAL.csproj", "{29250839-8DE8-40B7-BD6A-019ADB5AC131}"
EndProject
Project("{FAE04EC0-301F-11D3-BF4B-00C04F79EFBC}") = "Models", "Models\Models.csproj", "{565450B6-8B5D-42EB-B334-91225A333528}"
EndProject
Project("{FAE04EC0-301F-11D3-BF4B-00C04F79EFBC}") = "DBUtility", "DBUtility\DBUtility.csproj", "{6326404B-B6B0-4A20-9379-5B67FF1AB987}"
EndProject
Global
	GlobalSection(SolutionConfigurationPlatforms) = preSolution
		Debug|Any CPU = Debug|Any CPU
		Release|Any CPU = Release|Any CPU
	EndGlobalSection
	GlobalSection(ProjectConfigurationPlatforms) = postSolution
		{04A43375-23F3-485A-9FF5-DC38CC50D114}.Debug|Any CPU.ActiveCfg = Debug|Any CPU
		{04A43375-23F3-485A-9FF5-DC38CC50D114}.Debug|Any CPU.Build.0 = Debug|Any CPU
		{04A43375-23F3-485A-9FF5-DC38CC50D114}.Release|Any CPU.ActiveCfg = Release|Any CPU
		{04A43375-23F3-485A-9FF5-DC38CC50D114}.Release|Any CPU.Build.0 = Release|Any CPU
		{29250839-8DE8-40B7-BD6A-019ADB5AC131}.Debug|Any CPU.ActiveCfg = Debug|Any CPU
		{29250839-8DE8-40B7-BD6A-019ADB5AC131}.Debug|Any CPU.Build.0 = Debug|Any CPU
		{29250839-8DE8-40B7-BD6A-019ADB5AC131}.Release|Any CPU.ActiveCfg = Release|Any CPU
		{29250839-8DE8-40B7-BD6A-019ADB5AC131}.Release|Any CPU.Build.0 = Release|Any CPU
		{565450B6-8B5D-42EB-B334-91225A333528}.Debug|Any CPU.ActiveCfg = Debug|Any CPU
		{565450B6-8B5D-42EB-B334-91225A333528}.Debug|Any CPU.Build.0 = Debug|Any CPU
		{565450B6-8B5D-42EB-B334-91225A333528}.Release|Any CPU.ActiveCfg = Release|Any CPU
		{565450B6-8B5D-42EB-B334-91225A333528}.Release|Any CPU.Build.0 = Release|Any CPU
		{6326404B-B6B0-4A20-9379-5B67FF1AB987}.Debug|Any CPU.ActiveCfg = Debug|Any CPU
		{6326404B-B6B0-4A20-9379-5B67FF1AB987}.Debug|Any CPU.Build.0 = Debug|Any CPU
		{6326404B-B6B0-4A20-9379-5B67FF1AB987}.Release|Any CPU.ActiveCfg = Release|Any CPU
		{6326404B-B6B0-4A20-9379-5B67FF1AB987}.Release|Any CPU.Build.0 = Release|Any CPU
	EndGlobalSection
	GlobalSection(SolutionProperties) = preSolution
		HideSolutionNode = FALSE
	EndGlobalSection
EndGlobal
